
Microsoft Visual Studio Solution File, Format Version 12.00
# Visual Studio Version 17
VisualStudioVersion = 17.0.32014.148
MinimumVisualStudioVersion = 10.0.40219.1
Project("{FAE04EC0-301F-11D3-BF4B-00C04F79EFBC}") = "CMU.App", "CMU.App\CMU.App.csproj", "{4B10ADDC-89DD-4BAD-B7CE-1211562813B7}"
EndProject
Project("{2150E333-8FDC-42A3-9474-1A3956D46DE8}") = "Solution Items", "Solution Items", "{95C96655-3D75-4D0B-A5FC-6626FAAC2416}"
	ProjectSection(SolutionItems) = preProject
		ServerList.json = ServerList.json
	EndProjectSection
EndProject
Global
	GlobalSection(SolutionConfigurationPlatforms) = preSolution
		Debug|Any CPU = Debug|Any CPU
		Release|Any CPU = Release|Any CPU
	EndGlobalSection
	GlobalSection(ProjectConfigurationPlatforms) = postSolution
		{4B10ADDC-89DD-4BAD-B7CE-1211562813B7}.Debug|Any CPU.ActiveCfg = Debug|Any CPU
		{4B10ADDC-89DD-4BAD-B7CE-1211562813B7}.Debug|Any CPU.Build.0 = Debug|Any CPU
		{4B10ADDC-89DD-4BAD-B7CE-1211562813B7}.Release|Any CPU.ActiveCfg = Release|Any CPU
		{4B10ADDC-89DD-4BAD-B7CE-1211562813B7}.Release|Any CPU.Build.0 = Release|Any CPU
	EndGlobalSection
	GlobalSection(SolutionProperties) = preSolution
		HideSolutionNode = FALSE
	EndGlobalSection
	GlobalSection(ExtensibilityGlobals) = postSolution
		SolutionGuid = {114AB6E3-A952-40F1-825E-E137809CFC24}
	EndGlobalSection
EndGlobal
